
Microsoft Visual Studio Solution File, Format Version 12.00
# Visual Studio Version 17
VisualStudioVersion = 17.4.33213.308
MinimumVisualStudioVersion = 10.0.40219.1
Project("{FAE04EC0-301F-11D3-BF4B-00C04F79EFBC}") = "ODMS", "ODMS.csproj", "{EE6E46B1-36D9-4E97-9837-813F4CF2F8F2}"
EndProject
Project("{9A19103F-16F7-4668-BE54-9A1E7A4F7556}") = "pokemonReviewApp", "..\..\..\Users\shres\Desktop\.NEt\.Net Core\pokemonReviewApp\pokemonReviewApp.csproj", "{92021040-5B74-4C29-99D1-BF5C81E838D2}"
EndProject
Global
	GlobalSection(SolutionConfigurationPlatforms) = preSolution
		Debug|Any CPU = Debug|Any CPU
		Release|Any CPU = Release|Any CPU
	EndGlobalSection
	GlobalSection(ProjectConfigurationPlatforms) = postSolution
		{EE6E46B1-36D9-4E97-9837-813F4CF2F8F2}.Debug|Any CPU.ActiveCfg = Debug|Any CPU
		{EE6E46B1-36D9-4E97-9837-813F4CF2F8F2}.Debug|Any CPU.Build.0 = Debug|Any CPU
		{EE6E46B1-36D9-4E97-9837-813F4CF2F8F2}.Release|Any CPU.ActiveCfg = Release|Any CPU
		{EE6E46B1-36D9-4E97-9837-813F4CF2F8F2}.Release|Any CPU.Build.0 = Release|Any CPU
		{92021040-5B74-4C29-99D1-BF5C81E838D2}.Debug|Any CPU.ActiveCfg = Debug|Any CPU
		{92021040-5B74-4C29-99D1-BF5C81E838D2}.Debug|Any CPU.Build.0 = Debug|Any CPU
		{92021040-5B74-4C29-99D1-BF5C81E838D2}.Release|Any CPU.ActiveCfg = Release|Any CPU
		{92021040-5B74-4C29-99D1-BF5C81E838D2}.Release|Any CPU.Build.0 = Release|Any CPU
	EndGlobalSection
	GlobalSection(SolutionProperties) = preSolution
		HideSolutionNode = FALSE
	EndGlobalSection
	GlobalSection(ExtensibilityGlobals) = postSolution
		SolutionGuid = {715F901C-88E1-4B68-A935-A9CB4ACA8FFB}
	EndGlobalSection
EndGlobal
